
Microsoft Visual Studio Solution File, Format Version 12.00
# Visual Studio 15
VisualStudioVersion = 15.0.28307.2017
MinimumVisualStudioVersion = 10.0.40219.1
Project("{FAE04EC0-301F-11D3-BF4B-00C04F79EFBC}") = "JCCProgram19", "JCCProgram19\JCCProgram19.csproj", "{0118E793-759A-4386-88BF-2CD15429F0EC}"
EndProject
Global
	GlobalSection(SolutionConfigurationPlatforms) = preSolution
		Debug|Any CPU = Debug|Any CPU
		Release|Any CPU = Release|Any CPU
	EndGlobalSection
	GlobalSection(ProjectConfigurationPlatforms) = postSolution
		{0118E793-759A-4386-88BF-2CD15429F0EC}.Debug|Any CPU.ActiveCfg = Debug|Any CPU
		{0118E793-759A-4386-88BF-2CD15429F0EC}.Debug|Any CPU.Build.0 = Debug|Any CPU
		{0118E793-759A-4386-88BF-2CD15429F0EC}.Release|Any CPU.ActiveCfg = Release|Any CPU
		{0118E793-759A-4386-88BF-2CD15429F0EC}.Release|Any CPU.Build.0 = Release|Any CPU
	EndGlobalSection
	GlobalSection(SolutionProperties) = preSolution
		HideSolutionNode = FALSE
	EndGlobalSection
	GlobalSection(ExtensibilityGlobals) = postSolution
		SolutionGuid = {5982E686-FB3A-4245-AEBF-AEB9EA3F82CE}
	EndGlobalSection
EndGlobal
