
Microsoft Visual Studio Solution File, Format Version 12.00
# Visual Studio 15
VisualStudioVersion = 15.0.28307.2017
MinimumVisualStudioVersion = 10.0.40219.1
Project("{FAE04EC0-301F-11D3-BF4B-00C04F79EFBC}") = "JCCProgram20", "JCCProgram20\JCCProgram20.csproj", "{1FCD38D2-3CD6-4D4E-859A-F0FA27C381B0}"
EndProject
Global
	GlobalSection(SolutionConfigurationPlatforms) = preSolution
		Debug|Any CPU = Debug|Any CPU
		Release|Any CPU = Release|Any CPU
	EndGlobalSection
	GlobalSection(ProjectConfigurationPlatforms) = postSolution
		{1FCD38D2-3CD6-4D4E-859A-F0FA27C381B0}.Debug|Any CPU.ActiveCfg = Debug|Any CPU
		{1FCD38D2-3CD6-4D4E-859A-F0FA27C381B0}.Debug|Any CPU.Build.0 = Debug|Any CPU
		{1FCD38D2-3CD6-4D4E-859A-F0FA27C381B0}.Release|Any CPU.ActiveCfg = Release|Any CPU
		{1FCD38D2-3CD6-4D4E-859A-F0FA27C381B0}.Release|Any CPU.Build.0 = Release|Any CPU
	EndGlobalSection
	GlobalSection(SolutionProperties) = preSolution
		HideSolutionNode = FALSE
	EndGlobalSection
	GlobalSection(ExtensibilityGlobals) = postSolution
		SolutionGuid = {4F2654B0-E9CA-46FE-BD4B-8433211DCCF7}
	EndGlobalSection
EndGlobal
