
Microsoft Visual Studio Solution File, Format Version 12.00
# Visual Studio 15
VisualStudioVersion = 15.0.28307.2017
MinimumVisualStudioVersion = 10.0.40219.1
Project("{FAE04EC0-301F-11D3-BF4B-00C04F79EFBC}") = "JCCPRogram15", "JCCPRogram15\JCCPRogram15.csproj", "{DDC69B6E-79E9-489F-99F5-C267631902EA}"
EndProject
Global
	GlobalSection(SolutionConfigurationPlatforms) = preSolution
		Debug|Any CPU = Debug|Any CPU
		Release|Any CPU = Release|Any CPU
	EndGlobalSection
	GlobalSection(ProjectConfigurationPlatforms) = postSolution
		{DDC69B6E-79E9-489F-99F5-C267631902EA}.Debug|Any CPU.ActiveCfg = Debug|Any CPU
		{DDC69B6E-79E9-489F-99F5-C267631902EA}.Debug|Any CPU.Build.0 = Debug|Any CPU
		{DDC69B6E-79E9-489F-99F5-C267631902EA}.Release|Any CPU.ActiveCfg = Release|Any CPU
		{DDC69B6E-79E9-489F-99F5-C267631902EA}.Release|Any CPU.Build.0 = Release|Any CPU
	EndGlobalSection
	GlobalSection(SolutionProperties) = preSolution
		HideSolutionNode = FALSE
	EndGlobalSection
	GlobalSection(ExtensibilityGlobals) = postSolution
		SolutionGuid = {8D804A84-7666-4F9A-8199-74B26629377F}
	EndGlobalSection
EndGlobal
