
Microsoft Visual Studio Solution File, Format Version 12.00
# Visual Studio 15
VisualStudioVersion = 15.0.28307.2017
MinimumVisualStudioVersion = 10.0.40219.1
Project("{FAE04EC0-301F-11D3-BF4B-00C04F79EFBC}") = "JCCPRogram14", "JCCPRogram14\JCCPRogram14.csproj", "{776245F6-AE0E-4D9D-878F-CA575B4D27D7}"
EndProject
Global
	GlobalSection(SolutionConfigurationPlatforms) = preSolution
		Debug|Any CPU = Debug|Any CPU
		Release|Any CPU = Release|Any CPU
	EndGlobalSection
	GlobalSection(ProjectConfigurationPlatforms) = postSolution
		{776245F6-AE0E-4D9D-878F-CA575B4D27D7}.Debug|Any CPU.ActiveCfg = Debug|Any CPU
		{776245F6-AE0E-4D9D-878F-CA575B4D27D7}.Debug|Any CPU.Build.0 = Debug|Any CPU
		{776245F6-AE0E-4D9D-878F-CA575B4D27D7}.Release|Any CPU.ActiveCfg = Release|Any CPU
		{776245F6-AE0E-4D9D-878F-CA575B4D27D7}.Release|Any CPU.Build.0 = Release|Any CPU
	EndGlobalSection
	GlobalSection(SolutionProperties) = preSolution
		HideSolutionNode = FALSE
	EndGlobalSection
	GlobalSection(ExtensibilityGlobals) = postSolution
		SolutionGuid = {5FF4DC76-A015-4A0F-9B9B-5C963C2718C1}
	EndGlobalSection
EndGlobal
